// !$*UTF8*$!
{
	archiveVersion = 1;
	classes = {
	};
	objectVersion = 51;
	objects = {

/* Begin PBXBuildFile section */
		2A3CA26423ECFF87007BC073 /* AppDelegate.swift in Sources */ = {isa = PBXBuildFile; fileRef = 2A3CA26323ECFF87007BC073 /* AppDelegate.swift */; };
		2A3CA26623ECFF87007BC073 /* SceneDelegate.swift in Sources */ = {isa = PBXBuildFile; fileRef = 2A3CA26523ECFF87007BC073 /* SceneDelegate.swift */; };
		2A3CA26823ECFF87007BC073 /* ViewController.swift in Sources */ = {isa = PBXBuildFile; fileRef = 2A3CA26723ECFF87007BC073 /* ViewController.swift */; };
		2A3CA26B23ECFF87007BC073 /* Main.storyboard in Resources */ = {isa = PBXBuildFile; fileRef = 2A3CA26923ECFF87007BC073 /* Main.storyboard */; };
		2A3CA26E23ECFF87007BC073 /* Okta_Login.xcdatamodeld in Sources */ = {isa = PBXBuildFile; fileRef = 2A3CA26C23ECFF87007BC073 /* Okta_Login.xcdatamodeld */; };
		2A3CA27023ECFF8A007BC073 /* Assets.xcassets in Resources */ = {isa = PBXBuildFile; fileRef = 2A3CA26F23ECFF8A007BC073 /* Assets.xcassets */; };
		2A3CA27323ECFF8A007BC073 /* LaunchScreen.storyboard in Resources */ = {isa = PBXBuildFile; fileRef = 2A3CA27123ECFF8A007BC073 /* LaunchScreen.storyboard */; };
		2A75C05423ED007D00EB904C /* Okta.plist in Resources */ = {isa = PBXBuildFile; fileRef = 2A75C05323ED007C00EB904C /* Okta.plist */; };
		918A59291C71EF2F163A87F8 /* Pods_Okta_Login.framework in Frameworks */ = {isa = PBXBuildFile; fileRef = 5B716FFD948975DEECA72474 /* Pods_Okta_Login.framework */; };
/* End PBXBuildFile section */

/* Begin PBXFileReference section */
		0EA90310E2B1CE6F17B5A3D3 /* Pods-Okta-Login.release.xcconfig */ = {isa = PBXFileReference; includeInIndex = 1; lastKnownFileType = text.xcconfig; name = "Pods-Okta-Login.release.xcconfig"; path = "Target Support Files/Pods-Okta-Login/Pods-Okta-Login.release.xcconfig"; sourceTree = "<group>"; };
		2A3CA26023ECFF87007BC073 /* Okta-Login.app */ = {isa = PBXFileReference; explicitFileType = wrapper.application; includeInIndex = 0; path = "Okta-Login.app"; sourceTree = BUILT_PRODUCTS_DIR; };
		2A3CA26323ECFF87007BC073 /* AppDelegate.swift */ = {isa = PBXFileReference; lastKnownFileType = sourcecode.swift; path = AppDelegate.swift; sourceTree = "<group>"; };
		2A3CA26523ECFF87007BC073 /* SceneDelegate.swift */ = {isa = PBXFileReference; lastKnownFileType = sourcecode.swift; path = SceneDelegate.swift; sourceTree = "<group>"; };
		2A3CA26723ECFF87007BC073 /* ViewController.swift */ = {isa = PBXFileReference; lastKnownFileType = sourcecode.swift; path = ViewController.swift; sourceTree = "<group>"; };
		2A3CA26A23ECFF87007BC073 /* Base */ = {isa = PBXFileReference; lastKnownFileType = file.storyboard; name = Base; path = Base.lproj/Main.storyboard; sourceTree = "<group>"; };
		2A3CA26D23ECFF87007BC073 /* Okta_Login.xcdatamodel */ = {isa = PBXFileReference; lastKnownFileType = wrapper.xcdatamodel; path = Okta_Login.xcdatamodel; sourceTree = "<group>"; };
		2A3CA26F23ECFF8A007BC073 /* Assets.xcassets */ = {isa = PBXFileReference; lastKnownFileType = folder.assetcatalog; path = Assets.xcassets; sourceTree = "<group>"; };
		2A3CA27223ECFF8A007BC073 /* Base */ = {isa = PBXFileReference; lastKnownFileType = file.storyboard; name = Base; path = Base.lproj/LaunchScreen.storyboard; sourceTree = "<group>"; };
		2A3CA27423ECFF8A007BC073 /* Info.plist */ = {isa = PBXFileReference; lastKnownFileType = text.plist.xml; path = Info.plist; sourceTree = "<group>"; };
		2A75C05323ED007C00EB904C /* Okta.plist */ = {isa = PBXFileReference; fileEncoding = 4; lastKnownFileType = text.plist.xml; path = Okta.plist; sourceTree = "<group>"; };
		5B716FFD948975DEECA72474 /* Pods_Okta_Login.framework */ = {isa = PBXFileReference; explicitFileType = wrapper.framework; includeInIndex = 0; path = Pods_Okta_Login.framework; sourceTree = BUILT_PRODUCTS_DIR; };
		9D13280F56A50B8C2CF6487B /* Pods-Okta-Login.debug.xcconfig */ = {isa = PBXFileReference; includeInIndex = 1; lastKnownFileType = text.xcconfig; name = "Pods-Okta-Login.debug.xcconfig"; path = "Target Support Files/Pods-Okta-Login/Pods-Okta-Login.debug.xcconfig"; sourceTree = "<group>"; };
/* End PBXFileReference section */

/* Begin PBXFrameworksBuildPhase section */
		2A3CA25D23ECFF87007BC073 /* Frameworks */ = {
			isa = PBXFrameworksBuildPhase;
			buildActionMask = 2147483647;
			files = (
				918A59291C71EF2F163A87F8 /* Pods_Okta_Login.framework in Frameworks */,
			);
			runOnlyForDeploymentPostprocessing = 0;
		};
/* End PBXFrameworksBuildPhase section */

/* Begin PBXGroup section */
		2A3CA25723ECFF87007BC073 = {
			isa = PBXGroup;
			children = (
				2A3CA26223ECFF87007BC073 /* Okta-Login */,
				2A3CA26123ECFF87007BC073 /* Products */,
				A72E74462F51B10F80547833 /* Pods */,
				E9A2EE2158B6E73C9DF14CB3 /* Frameworks */,
			);
			sourceTree = "<group>";
		};
		2A3CA26123ECFF87007BC073 /* Products */ = {
			isa = PBXGroup;
			children = (
				2A3CA26023ECFF87007BC073 /* Okta-Login.app */,
			);
			name = Products;
			sourceTree = "<group>";
		};
		2A3CA26223ECFF87007BC073 /* Okta-Login */ = {
			isa = PBXGroup;
			children = (
				2A75C05323ED007C00EB904C /* Okta.plist */,
				2A3CA26323ECFF87007BC073 /* AppDelegate.swift */,
				2A3CA26523ECFF87007BC073 /* SceneDelegate.swift */,
				2A3CA26723ECFF87007BC073 /* ViewController.swift */,
				2A3CA26923ECFF87007BC073 /* Main.storyboard */,
				2A3CA26F23ECFF8A007BC073 /* Assets.xcassets */,
				2A3CA27123ECFF8A007BC073 /* LaunchScreen.storyboard */,
				2A3CA27423ECFF8A007BC073 /* Info.plist */,
				2A3CA26C23ECFF87007BC073 /* Okta_Login.xcdatamodeld */,
			);
			path = "Okta-Login";
			sourceTree = "<group>";
		};
		A72E74462F51B10F80547833 /* Pods */ = {
			isa = PBXGroup;
			children = (
				9D13280F56A50B8C2CF6487B /* Pods-Okta-Login.debug.xcconfig */,
				0EA90310E2B1CE6F17B5A3D3 /* Pods-Okta-Login.release.xcconfig */,
			);
			path = Pods;
			sourceTree = "<group>";
		};
		E9A2EE2158B6E73C9DF14CB3 /* Frameworks */ = {
			isa = PBXGroup;
			children = (
				5B716FFD948975DEECA72474 /* Pods_Okta_Login.framework */,
			);
			name = Frameworks;
			sourceTree = "<group>";
		};
/* End PBXGroup section */

/* Begin PBXNativeTarget section */
		2A3CA25F23ECFF87007BC073 /* Okta-Login */ = {
			isa = PBXNativeTarget;
			buildConfigurationList = 2A3CA27723ECFF8A007BC073 /* Build configuration list for PBXNativeTarget "Okta-Login" */;
			buildPhases = (
				FB28A39C7135090ED3D5A14C /* [CP] Check Pods Manifest.lock */,
				2A3CA25C23ECFF87007BC073 /* Sources */,
				2A3CA25D23ECFF87007BC073 /* Frameworks */,
				2A3CA25E23ECFF87007BC073 /* Resources */,
				CAA9B5EC76F40D8497A6C67F /* [CP] Embed Pods Frameworks */,
			);
			buildRules = (
			);
			dependencies = (
			);
			name = "Okta-Login";
			productName = "Okta-Login";
			productReference = 2A3CA26023ECFF87007BC073 /* Okta-Login.app */;
			productType = "com.apple.product-type.application";
		};
/* End PBXNativeTarget section */

/* Begin PBXProject section */
		2A3CA25823ECFF87007BC073 /* Project object */ = {
			isa = PBXProject;
			attributes = {
				LastSwiftUpdateCheck = 1140;
				LastUpgradeCheck = 1140;
				ORGANIZATIONNAME = "Steven Barash";
				TargetAttributes = {
					2A3CA25F23ECFF87007BC073 = {
						CreatedOnToolsVersion = 11.4;
					};
				};
			};
			buildConfigurationList = 2A3CA25B23ECFF87007BC073 /* Build configuration list for PBXProject "Okta-Login" */;
			compatibilityVersion = "Xcode 9.3";
			developmentRegion = en;
			hasScannedForEncodings = 0;
			knownRegions = (
				en,
				Base,
			);
			mainGroup = 2A3CA25723ECFF87007BC073;
			productRefGroup = 2A3CA26123ECFF87007BC073 /* Products */;
			projectDirPath = "";
			projectRoot = "";
			targets = (
				2A3CA25F23ECFF87007BC073 /* Okta-Login */,
			);
		};
/* End PBXProject section */

/* Begin PBXResourcesBuildPhase section */
		2A3CA25E23ECFF87007BC073 /* Resources */ = {
			isa = PBXResourcesBuildPhase;
			buildActionMask = 2147483647;
			files = (
				2A3CA27323ECFF8A007BC073 /* LaunchScreen.storyboard in Resources */,
				2A3CA27023ECFF8A007BC073 /* Assets.xcassets in Resources */,
				2A3CA26B23ECFF87007BC073 /* Main.storyboard in Resources */,
				2A75C05423ED007D00EB904C /* Okta.plist in Resources */,
			);
			runOnlyForDeploymentPostprocessing = 0;
		};
/* End PBXResourcesBuildPhase section */

/* Begin PBXShellScriptBuildPhase section */
		CAA9B5EC76F40D8497A6C67F /* [CP] Embed Pods Frameworks */ = {
			isa = PBXShellScriptBuildPhase;
			buildActionMask = 2147483647;
			files = (
			);
			inputFileListPaths = (
				"${PODS_ROOT}/Target Support Files/Pods-Okta-Login/Pods-Okta-Login-frameworks-${CONFIGURATION}-input-files.xcfilelist",
			);
			name = "[CP] Embed Pods Frameworks";
			outputFileListPaths = (
				"${PODS_ROOT}/Target Support Files/Pods-Okta-Login/Pods-Okta-Login-frameworks-${CONFIGURATION}-output-files.xcfilelist",
			);
			runOnlyForDeploymentPostprocessing = 0;
			shellPath = /bin/sh;
			shellScript = "\"${PODS_ROOT}/Target Support Files/Pods-Okta-Login/Pods-Okta-Login-frameworks.sh\"\n";
			showEnvVarsInLog = 0;
		};
		FB28A39C7135090ED3D5A14C /* [CP] Check Pods Manifest.lock */ = {
			isa = PBXShellScriptBuildPhase;
			buildActionMask = 2147483647;
			files = (
			);
			inputFileListPaths = (
			);
			inputPaths = (
				"${PODS_PODFILE_DIR_PATH}/Podfile.lock",
				"${PODS_ROOT}/Manifest.lock",
			);
			name = "[CP] Check Pods Manifest.lock";
			outputFileListPaths = (
			);
			outputPaths = (
				"$(DERIVED_FILE_DIR)/Pods-Okta-Login-checkManifestLockResult.txt",
			);
			runOnlyForDeploymentPostprocessing = 0;
			shellPath = /bin/sh;
			shellScript = "diff \"${PODS_PODFILE_DIR_PATH}/Podfile.lock\" \"${PODS_ROOT}/Manifest.lock\" > /dev/null\nif [ $? != 0 ] ; then\n    # print error to STDERR\n    echo \"error: The sandbox is not in sync with the Podfile.lock. Run 'pod install' or update your CocoaPods installation.\" >&2\n    exit 1\nfi\n# This output is used by Xcode 'outputs' to avoid re-running this script phase.\necho \"SUCCESS\" > \"${SCRIPT_OUTPUT_FILE_0}\"\n";
			showEnvVarsInLog = 0;
		};
/* End PBXShellScriptBuildPhase section */

/* Begin PBXSourcesBuildPhase section */
		2A3CA25C23ECFF87007BC073 /* Sources */ = {
			isa = PBXSourcesBuildPhase;
			buildActionMask = 2147483647;
			files = (
				2A3CA26823ECFF87007BC073 /* ViewController.swift in Sources */,
				2A3CA26423ECFF87007BC073 /* AppDelegate.swift in Sources */,
				2A3CA26E23ECFF87007BC073 /* Okta_Login.xcdatamodeld in Sources */,
				2A3CA26623ECFF87007BC073 /* SceneDelegate.swift in Sources */,
			);
			runOnlyForDeploymentPostprocessing = 0;
		};
/* End PBXSourcesBuildPhase section */

/* Begin PBXVariantGroup section */
		2A3CA26923ECFF87007BC073 /* Main.storyboard */ = {
			isa = PBXVariantGroup;
			children = (
				2A3CA26A23ECFF87007BC073 /* Base */,
			);
			name = Main.storyboard;
			sourceTree = "<group>";
		};
		2A3CA27123ECFF8A007BC073 /* LaunchScreen.storyboard */ = {
			isa = PBXVariantGroup;
			children = (
				2A3CA27223ECFF8A007BC073 /* Base */,
			);
			name = LaunchScreen.storyboard;
			sourceTree = "<group>";
		};
/* End PBXVariantGroup section */

/* Begin XCBuildConfiguration section */
		2A3CA27523ECFF8A007BC073 /* Debug */ = {
			isa = XCBuildConfiguration;
			buildSettings = {
				ALWAYS_SEARCH_USER_PATHS = NO;
				CLANG_ANALYZER_NONNULL = YES;
				CLANG_ANALYZER_NUMBER_OBJECT_CONVERSION = YES_AGGRESSIVE;
				CLANG_CXX_LANGUAGE_STANDARD = "gnu++14";
				CLANG_CXX_LIBRARY = "libc++";
				CLANG_ENABLE_MODULES = YES;
				CLANG_ENABLE_OBJC_ARC = YES;
				CLANG_ENABLE_OBJC_WEAK = YES;
				CLANG_WARN_BLOCK_CAPTURE_AUTORELEASING = YES;
				CLANG_WARN_BOOL_CONVERSION = YES;
				CLANG_WARN_COMMA = YES;
				CLANG_WARN_CONSTANT_CONVERSION = YES;
				CLANG_WARN_DEPRECATED_OBJC_IMPLEMENTATIONS = YES;
				CLANG_WARN_DIRECT_OBJC_ISA_USAGE = YES_ERROR;
				CLANG_WARN_DOCUMENTATION_COMMENTS = YES;
				CLANG_WARN_EMPTY_BODY = YES;
				CLANG_WARN_ENUM_CONVERSION = YES;
				CLANG_WARN_INFINITE_RECURSION = YES;
				CLANG_WARN_INT_CONVERSION = YES;
				CLANG_WARN_NON_LITERAL_NULL_CONVERSION = YES;
				CLANG_WARN_OBJC_IMPLICIT_RETAIN_SELF = YES;
				CLANG_WARN_OBJC_LITERAL_CONVERSION = YES;
				CLANG_WARN_OBJC_ROOT_CLASS = YES_ERROR;
				CLANG_WARN_RANGE_LOOP_ANALYSIS = YES;
				CLANG_WARN_STRICT_PROTOTYPES = YES;
				CLANG_WARN_SUSPICIOUS_MOVE = YES;
				CLANG_WARN_UNGUARDED_AVAILABILITY = YES_AGGRESSIVE;
				CLANG_WARN_UNREACHABLE_CODE = YES;
				CLANG_WARN__DUPLICATE_METHOD_MATCH = YES;
				COPY_PHASE_STRIP = NO;
				DEBUG_INFORMATION_FORMAT = dwarf;
				ENABLE_STRICT_OBJC_MSGSEND = YES;
				ENABLE_TESTABILITY = YES;
				GCC_C_LANGUAGE_STANDARD = gnu11;
				GCC_DYNAMIC_NO_PIC = NO;
				GCC_NO_COMMON_BLOCKS = YES;
				GCC_OPTIMIZATION_LEVEL = 0;
				GCC_PREPROCESSOR_DEFINITIONS = (
					"DEBUG=1",
					"$(inherited)",
				);
				GCC_WARN_64_TO_32_BIT_CONVERSION = YES;
				GCC_WARN_ABOUT_RETURN_TYPE = YES_ERROR;
				GCC_WARN_UNDECLARED_SELECTOR = YES;
				GCC_WARN_UNINITIALIZED_AUTOS = YES_AGGRESSIVE;
				GCC_WARN_UNUSED_FUNCTION = YES;
				GCC_WARN_UNUSED_VARIABLE = YES;
				IPHONEOS_DEPLOYMENT_TARGET = 13.4;
				MTL_ENABLE_DEBUG_INFO = INCLUDE_SOURCE;
				MTL_FAST_MATH = YES;
				ONLY_ACTIVE_ARCH = YES;
				SDKROOT = iphoneos;
				SWIFT_ACTIVE_COMPILATION_CONDITIONS = DEBUG;
				SWIFT_OPTIMIZATION_LEVEL = "-Onone";
			};
			name = Debug;
		};
		2A3CA27623ECFF8A007BC073 /* Release */ = {
			isa = XCBuildConfiguration;
			buildSettings = {
				ALWAYS_SEARCH_USER_PATHS = NO;
				CLANG_ANALYZER_NONNULL = YES;
				CLANG_ANALYZER_NUMBER_OBJECT_CONVERSION = YES_AGGRESSIVE;
				CLANG_CXX_LANGUAGE_STANDARD = "gnu++14";
				CLANG_CXX_LIBRARY = "libc++";
				CLANG_ENABLE_MODULES = YES;
				CLANG_ENABLE_OBJC_ARC = YES;
				CLANG_ENABLE_OBJC_WEAK = YES;
				CLANG_WARN_BLOCK_CAPTURE_AUTORELEASING = YES;
				CLANG_WARN_BOOL_CONVERSION = YES;
				CLANG_WARN_COMMA = YES;
				CLANG_WARN_CONSTANT_CONVERSION = YES;
				CLANG_WARN_DEPRECATED_OBJC_IMPLEMENTATIONS = YES;
				CLANG_WARN_DIRECT_OBJC_ISA_USAGE = YES_ERROR;
				CLANG_WARN_DOCUMENTATION_COMMENTS = YES;
				CLANG_WARN_EMPTY_BODY = YES;
				CLANG_WARN_ENUM_CONVERSION = YES;
				CLANG_WARN_INFINITE_RECURSION = YES;
				CLANG_WARN_INT_CONVERSION = YES;
				CLANG_WARN_NON_LITERAL_NULL_CONVERSION = YES;
				CLANG_WARN_OBJC_IMPLICIT_RETAIN_SELF = YES;
				CLANG_WARN_OBJC_LITERAL_CONVERSION = YES;
				CLANG_WARN_OBJC_ROOT_CLASS = YES_ERROR;
				CLANG_WARN_RANGE_LOOP_ANALYSIS = YES;
				CLANG_WARN_STRICT_PROTOTYPES = YES;
				CLANG_WARN_SUSPICIOUS_MOVE = YES;
				CLANG_WARN_UNGUARDED_AVAILABILITY = YES_AGGRESSIVE;
				CLANG_WARN_UNREACHABLE_CODE = YES;
				CLANG_WARN__DUPLICATE_METHOD_MATCH = YES;
				COPY_PHASE_STRIP = NO;
				DEBUG_INFORMATION_FORMAT = "dwarf-with-dsym";
				ENABLE_NS_ASSERTIONS = NO;
				ENABLE_STRICT_OBJC_MSGSEND = YES;
				GCC_C_LANGUAGE_STANDARD = gnu11;
				GCC_NO_COMMON_BLOCKS = YES;
				GCC_WARN_64_TO_32_BIT_CONVERSION = YES;
				GCC_WARN_ABOUT_RETURN_TYPE = YES_ERROR;
				GCC_WARN_UNDECLARED_SELECTOR = YES;
				GCC_WARN_UNINITIALIZED_AUTOS = YES_AGGRESSIVE;
				GCC_WARN_UNUSED_FUNCTION = YES;
				GCC_WARN_UNUSED_VARIABLE = YES;
				IPHONEOS_DEPLOYMENT_TARGET = 13.4;
				MTL_ENABLE_DEBUG_INFO = NO;
				MTL_FAST_MATH = YES;
				SDKROOT = iphoneos;
				SWIFT_COMPILATION_MODE = wholemodule;
				SWIFT_OPTIMIZATION_LEVEL = "-O";
				VALIDATE_PRODUCT = YES;
			};
			name = Release;
		};
		2A3CA27823ECFF8A007BC073 /* Debug */ = {
			isa = XCBuildConfiguration;
			baseConfigurationReference = 9D13280F56A50B8C2CF6487B /* Pods-Okta-Login.debug.xcconfig */;
			buildSettings = {
				ASSETCATALOG_COMPILER_APPICON_NAME = AppIcon;
				CODE_SIGN_STYLE = Automatic;
				DEVELOPMENT_TEAM = 4HZ5WYBH8E;
				INFOPLIST_FILE = "Okta-Login/Info.plist";
				LD_RUNPATH_SEARCH_PATHS = (
					"$(inherited)",
					"@executable_path/Frameworks",
				);
				PRODUCT_BUNDLE_IDENTIFIER = "com.stevenbarash.Okta-Login";
				PRODUCT_NAME = "$(TARGET_NAME)";
				SWIFT_VERSION = 5.0;
				TARGETED_DEVICE_FAMILY = "1,2";
			};
			name = Debug;
		};
		2A3CA27923ECFF8A007BC073 /* Release */ = {
			isa = XCBuildConfiguration;
			baseConfigurationReference = 0EA90310E2B1CE6F17B5A3D3 /* Pods-Okta-Login.release.xcconfig */;
			buildSettings = {
				ASSETCATALOG_COMPILER_APPICON_NAME = AppIcon;
				CODE_SIGN_STYLE = Automatic;
				DEVELOPMENT_TEAM = 4HZ5WYBH8E;
				INFOPLIST_FILE = "Okta-Login/Info.plist";
				LD_RUNPATH_SEARCH_PATHS = (
					"$(inherited)",
					"@executable_path/Frameworks",
				);
				PRODUCT_BUNDLE_IDENTIFIER = "com.stevenbarash.Okta-Login";
				PRODUCT_NAME = "$(TARGET_NAME)";
				SWIFT_VERSION = 5.0;
				TARGETED_DEVICE_FAMILY = "1,2";
			};
			name = Release;
		};
/* End XCBuildConfiguration section */

/* Begin XCConfigurationList section */
		2A3CA25B23ECFF87007BC073 /* Build configuration list for PBXProject "Okta-Login" */ = {
			isa = XCConfigurationList;
			buildConfigurations = (
				2A3CA27523ECFF8A007BC073 /* Debug */,
				2A3CA27623ECFF8A007BC073 /* Release */,
			);
			defaultConfigurationIsVisible = 0;
			defaultConfigurationName = Release;
		};
		2A3CA27723ECFF8A007BC073 /* Build configuration list for PBXNativeTarget "Okta-Login" */ = {
			isa = XCConfigurationList;
			buildConfigurations = (
				2A3CA27823ECFF8A007BC073 /* Debug */,
				2A3CA27923ECFF8A007BC073 /* Release */,
			);
			defaultConfigurationIsVisible = 0;
			defaultConfigurationName = Release;
		};
/* End XCConfigurationList section */

/* Begin XCVersionGroup section */
		2A3CA26C23ECFF87007BC073 /* Okta_Login.xcdatamodeld */ = {
			isa = XCVersionGroup;
			children = (
				2A3CA26D23ECFF87007BC073 /* Okta_Login.xcdatamodel */,
			);
			currentVersion = 2A3CA26D23ECFF87007BC073 /* Okta_Login.xcdatamodel */;
			path = Okta_Login.xcdatamodeld;
			sourceTree = "<group>";
			versionGroupType = wrapper.xcdatamodel;
		};
/* End XCVersionGroup section */
	};
	rootObject = 2A3CA25823ECFF87007BC073 /* Project object */;
}
